{
  "name": "aoc-2023",
  "version": "1.0.0",
  "lockfileVersion": 3,
  "requires": true,
  "packages": {
    "": {
      "name": "aoc-2023",
      "version": "1.0.0",
      "license": "MIT",
      "dependencies": {
        "@rimbu/core": "1.1.3"
      },
      "devDependencies": {
        "@types/node": "^20.10.4",
        "bun": "^1.0.17"
      }
    },
    "node_modules/@oven/bun-darwin-aarch64": {
      "version": "1.0.20",
      "cpu": [
        "arm64"
      ],
      "dev": true,
      "license": "MIT",
      "optional": true,
      "os": [
        "darwin"
      ]
    },
    "node_modules/@rimbu/base": {
      "version": "1.1.0",
      "funding": [
        {
          "type": "individual",
          "url": "https://github.com/sponsors/vitoke"
        }
      ],
      "license": "MIT",
      "dependencies": {
        "@rimbu/common": "^1.1.0",
        "tslib": "^2.6.1"
      }
    },
    "node_modules/@rimbu/bimap": {
      "version": "1.1.1",
      "funding": [
        {
          "type": "individual",
          "url": "https://github.com/sponsors/vitoke"
        }
      ],
      "license": "MIT",
      "dependencies": {
        "@rimbu/base": "^1.1.0",
        "@rimbu/collection-types": "^1.1.1",
        "@rimbu/common": "^1.1.0",
        "@rimbu/hashed": "^1.1.1",
        "@rimbu/stream": "^1.1.1",
        "tslib": "^2.6.1"
      }
    },
    "node_modules/@rimbu/bimultimap": {
      "version": "1.1.1",
      "funding": [
        {
          "type": "individual",
          "url": "https://github.com/sponsors/vitoke"
        }
      ],
      "license": "MIT",
      "dependencies": {
        "@rimbu/base": "^1.1.0",
        "@rimbu/collection-types": "^1.1.1",
        "@rimbu/common": "^1.1.0",
        "@rimbu/hashed": "^1.1.1",
        "@rimbu/multimap": "^1.1.1",
        "@rimbu/sorted": "^1.1.1",
        "@rimbu/stream": "^1.1.1",
        "tslib": "^2.6.1"
      }
    },
    "node_modules/@rimbu/collection-types": {
      "version": "1.1.1",
      "funding": [
        {
          "type": "individual",
          "url": "https://github.com/sponsors/vitoke"
        }
      ],
      "license": "MIT",
      "dependencies": {
        "@rimbu/base": "^1.1.0",
        "@rimbu/common": "^1.1.0",
        "@rimbu/stream": "^1.1.1",
        "tslib": "^2.6.1"
      }
    },
    "node_modules/@rimbu/common": {
      "version": "1.1.0",
      "funding": [
        {
          "type": "individual",
          "url": "https://github.com/sponsors/vitoke"
        }
      ],
      "license": "MIT",
      "dependencies": {
        "tslib": "^2.6.1"
      }
    },
    "node_modules/@rimbu/core": {
      "version": "1.1.3",
      "funding": [
        {
          "type": "individual",
          "url": "https://github.com/sponsors/vitoke"
        }
      ],
      "license": "MIT",
      "dependencies": {
        "@rimbu/bimap": "^1.1.1",
        "@rimbu/bimultimap": "^1.1.1",
        "@rimbu/collection-types": "^1.1.1",
        "@rimbu/common": "^1.1.0",
        "@rimbu/deep": "^1.1.0",
        "@rimbu/graph": "^1.1.1",
        "@rimbu/hashed": "^1.1.1",
        "@rimbu/list": "^1.1.1",
        "@rimbu/multimap": "^1.1.1",
        "@rimbu/multiset": "^1.1.1",
        "@rimbu/ordered": "^1.1.1",
        "@rimbu/proximity": "^1.1.1",
        "@rimbu/sorted": "^1.1.1",
        "@rimbu/stream": "^1.1.1",
        "@rimbu/table": "^1.1.3",
        "tslib": "^2.6.1"
      }
    },
    "node_modules/@rimbu/deep": {
      "version": "1.1.0",
      "funding": [
        {
          "type": "individual",
          "url": "https://github.com/sponsors/vitoke"
        }
      ],
      "license": "MIT",
      "dependencies": {
        "@rimbu/base": "^1.1.0",
        "@rimbu/common": "^1.1.0",
        "tslib": "^2.6.1"
      }
    },
    "node_modules/@rimbu/graph": {
      "version": "1.1.1",
      "funding": [
        {
          "type": "individual",
          "url": "https://github.com/sponsors/vitoke"
        }
      ],
      "license": "MIT",
      "dependencies": {
        "@rimbu/base": "^1.1.0",
        "@rimbu/collection-types": "^1.1.1",
        "@rimbu/common": "^1.1.0",
        "@rimbu/hashed": "^1.1.1",
        "@rimbu/sorted": "^1.1.1",
        "@rimbu/stream": "^1.1.1",
        "tslib": "^2.6.1"
      }
    },
    "node_modules/@rimbu/hashed": {
      "version": "1.1.1",
      "funding": [
        {
          "type": "individual",
          "url": "https://github.com/sponsors/vitoke"
        }
      ],
      "license": "MIT",
      "dependencies": {
        "@rimbu/base": "^1.1.0",
        "@rimbu/collection-types": "^1.1.1",
        "@rimbu/common": "^1.1.0",
        "@rimbu/list": "^1.1.1",
        "@rimbu/stream": "^1.1.1",
        "tslib": "^2.6.1"
      }
    },
    "node_modules/@rimbu/list": {
      "version": "1.1.1",
      "funding": [
        {
          "type": "individual",
          "url": "https://github.com/sponsors/vitoke"
        }
      ],
      "license": "MIT",
      "dependencies": {
        "@rimbu/base": "^1.1.0",
        "@rimbu/collection-types": "^1.1.1",
        "@rimbu/common": "^1.1.0",
        "@rimbu/stream": "^1.1.1",
        "tslib": "^2.6.1"
      }
    },
    "node_modules/@rimbu/multimap": {
      "version": "1.1.1",
      "funding": [
        {
          "type": "individual",
          "url": "https://github.com/sponsors/vitoke"
        }
      ],
      "license": "MIT",
      "dependencies": {
        "@rimbu/base": "^1.1.0",
        "@rimbu/collection-types": "^1.1.1",
        "@rimbu/common": "^1.1.0",
        "@rimbu/hashed": "^1.1.1",
        "@rimbu/sorted": "^1.1.1",
        "@rimbu/stream": "^1.1.1",
        "tslib": "^2.6.1"
      }
    },
    "node_modules/@rimbu/multiset": {
      "version": "1.1.1",
      "funding": [
        {
          "type": "individual",
          "url": "https://github.com/sponsors/vitoke"
        }
      ],
      "license": "MIT",
      "dependencies": {
        "@rimbu/base": "^1.1.0",
        "@rimbu/collection-types": "^1.1.1",
        "@rimbu/common": "^1.1.0",
        "@rimbu/hashed": "^1.1.1",
        "@rimbu/sorted": "^1.1.1",
        "@rimbu/stream": "^1.1.1",
        "tslib": "^2.6.1"
      }
    },
    "node_modules/@rimbu/ordered": {
      "version": "1.1.1",
      "funding": [
        {
          "type": "individual",
          "url": "https://github.com/sponsors/vitoke"
        }
      ],
      "license": "MIT",
      "dependencies": {
        "@rimbu/base": "^1.1.0",
        "@rimbu/collection-types": "^1.1.1",
        "@rimbu/common": "^1.1.0",
        "@rimbu/hashed": "^1.1.1",
        "@rimbu/list": "^1.1.1",
        "@rimbu/sorted": "^1.1.1",
        "@rimbu/stream": "^1.1.1",
        "tslib": "^2.6.1"
      }
    },
    "node_modules/@rimbu/proximity": {
      "version": "1.1.1",
      "funding": [
        {
          "type": "individual",
          "url": "https://github.com/sponsors/vitoke"
        }
      ],
      "license": "MIT",
      "dependencies": {
        "@rimbu/base": "^1.1.0",
        "@rimbu/collection-types": "^1.1.1",
        "@rimbu/common": "^1.1.0",
        "@rimbu/hashed": "^1.1.1",
        "@rimbu/stream": "^1.1.1",
        "tslib": "^2.6.1"
      }
    },
    "node_modules/@rimbu/sorted": {
      "version": "1.1.1",
      "funding": [
        {
          "type": "individual",
          "url": "https://github.com/sponsors/vitoke"
        }
      ],
      "license": "MIT",
      "dependencies": {
        "@rimbu/base": "^1.1.0",
        "@rimbu/collection-types": "^1.1.1",
        "@rimbu/common": "^1.1.0",
        "@rimbu/stream": "^1.1.1",
        "tslib": "^2.6.1"
      }
    },
    "node_modules/@rimbu/stream": {
      "version": "1.1.1",
      "funding": [
        {
          "type": "individual",
          "url": "https://github.com/sponsors/vitoke"
        }
      ],
      "license": "MIT",
      "dependencies": {
        "@rimbu/base": "^1.1.0",
        "@rimbu/common": "^1.1.0",
        "tslib": "^2.6.1"
      }
    },
    "node_modules/@rimbu/table": {
      "version": "1.1.3",
      "funding": [
        {
          "type": "individual",
          "url": "https://github.com/sponsors/vitoke"
        }
      ],
      "license": "MIT",
      "dependencies": {
        "@rimbu/base": "^1.1.0",
        "@rimbu/collection-types": "^1.1.1",
        "@rimbu/common": "^1.1.0",
        "@rimbu/hashed": "^1.1.1",
        "@rimbu/sorted": "^1.1.1",
        "@rimbu/stream": "^1.1.1",
        "tslib": "^2.6.1"
      }
    },
    "node_modules/@types/node": {
      "version": "20.10.5",
      "dev": true,
      "license": "MIT",
      "dependencies": {
        "undici-types": "~5.26.4"
      }
    },
    "node_modules/bun": {
      "version": "1.0.20",
      "cpu": [
        "arm64",
        "x64"
      ],
      "dev": true,
      "hasInstallScript": true,
      "license": "MIT",
      "os": [
        "darwin",
        "linux"
      ],
      "bin": {
        "bun": "bin/bun",
        "bunx": "bin/bun"
      },
      "optionalDependencies": {
        "@oven/bun-darwin-aarch64": "1.0.20",
        "@oven/bun-darwin-x64": "1.0.20",
        "@oven/bun-darwin-x64-baseline": "1.0.20",
        "@oven/bun-linux-aarch64": "1.0.20",
        "@oven/bun-linux-x64": "1.0.20",
        "@oven/bun-linux-x64-baseline": "1.0.20"
      }
    },
    "node_modules/tslib": {
      "version": "2.6.2",
      "license": "0BSD"
    },
    "node_modules/undici-types": {
      "version": "5.26.5",
      "dev": true,
      "license": "MIT"
    }
  }
}
