{
  "name": "aoc-2023",
  "version": "1.0.0",
  "lockfileVersion": 3,
  "requires": true,
  "packages": {
    "": {
      "name": "aoc-2023",
      "version": "1.0.0",
      "license": "MIT",
      "dependencies": {
        "@rimbu/core": "^1.1.1"
      },
      "devDependencies": {
        "@types/node": "^20.10.4",
        "bun": "^1.0.17"
      }
    },
    "node_modules/@oven/bun-darwin-aarch64": {
      "version": "1.0.17",
      "resolved": "https://registry.npmjs.org/@oven/bun-darwin-aarch64/-/bun-darwin-aarch64-1.0.17.tgz",
      "integrity": "sha512-aI9YuQPuXlkfELnTBEyFuwJzFtIwiVXmLgOHDjJbOg+WojpwR1DinhiyQp1T9ru/xMbZb2kwGleLlaha8LZmVQ==",
      "cpu": [
        "arm64"
      ],
      "dev": true,
      "optional": true,
      "os": [
        "darwin"
      ]
    },
    "node_modules/@oven/bun-darwin-x64": {
      "version": "1.0.17",
      "resolved": "https://registry.npmjs.org/@oven/bun-darwin-x64/-/bun-darwin-x64-1.0.17.tgz",
      "integrity": "sha512-cq5VQiygKj0NFU9xH5lYDR7wwkuFAoVQTPC4da9jW7wCf7WCUsOdZoUUiRSr8t1/H1Sh0QAc44zAcgItixtBmg==",
      "cpu": [
        "x64"
      ],
      "dev": true,
      "optional": true,
      "os": [
        "darwin"
      ]
    },
    "node_modules/@oven/bun-darwin-x64-baseline": {
      "version": "1.0.17",
      "resolved": "https://registry.npmjs.org/@oven/bun-darwin-x64-baseline/-/bun-darwin-x64-baseline-1.0.17.tgz",
      "integrity": "sha512-yFsU+r6PT8Ow2Ul/094+ypkvPYspmkSc6m+rXFa4ghH8KoQNpcr4jGn43FqI4qyYKxG4Jl9ua4NdEC5qBxUZow==",
      "cpu": [
        "x64"
      ],
      "dev": true,
      "optional": true,
      "os": [
        "darwin"
      ]
    },
    "node_modules/@oven/bun-linux-aarch64": {
      "version": "1.0.17",
      "resolved": "https://registry.npmjs.org/@oven/bun-linux-aarch64/-/bun-linux-aarch64-1.0.17.tgz",
      "integrity": "sha512-9EPdqSYe+H6vvwl1wTSGefIgO7v7nsEugMh2xlnjZb/ciQNkRdnTdz0x7dzDcXb1i9sNmWc2Lk5A+75ea6ntCA==",
      "cpu": [
        "arm64"
      ],
      "dev": true,
      "optional": true,
      "os": [
        "linux"
      ]
    },
    "node_modules/@oven/bun-linux-x64": {
      "version": "1.0.17",
      "resolved": "https://registry.npmjs.org/@oven/bun-linux-x64/-/bun-linux-x64-1.0.17.tgz",
      "integrity": "sha512-uwk9KT70dcBDay0zlchM+X5AOyc8Xm4J/E5bQyQjs+nhIrFO9pSd5e42OZ1AZGMWnLngRgJpERgTVlFsSTtBdg==",
      "cpu": [
        "x64"
      ],
      "dev": true,
      "optional": true,
      "os": [
        "linux"
      ]
    },
    "node_modules/@oven/bun-linux-x64-baseline": {
      "version": "1.0.17",
      "resolved": "https://registry.npmjs.org/@oven/bun-linux-x64-baseline/-/bun-linux-x64-baseline-1.0.17.tgz",
      "integrity": "sha512-wkmyD/F7fx3PGNtsUVQlRyEapFDEjcaWTHvJnV0a3ZL1morraiAHmSaNZOSJYbpTaENcf2eHkD4vrJ7brmXlCg==",
      "cpu": [
        "x64"
      ],
      "dev": true,
      "optional": true,
      "os": [
        "linux"
      ]
    },
    "node_modules/@rimbu/base": {
      "version": "1.1.0",
      "resolved": "https://registry.npmjs.org/@rimbu/base/-/base-1.1.0.tgz",
      "integrity": "sha512-k9ICg+1noPDPH8f7d9mgreEXuXZMP3kfgoOurApYhYSzhCWx+eFy2iTEbzGN339P2xpABlu7tQNW1LnEfz0eyQ==",
      "funding": [
        {
          "type": "individual",
          "url": "https://github.com/sponsors/vitoke"
        }
      ],
      "dependencies": {
        "@rimbu/common": "^1.1.0",
        "tslib": "^2.6.1"
      }
    },
    "node_modules/@rimbu/bimap": {
      "version": "1.1.1",
      "resolved": "https://registry.npmjs.org/@rimbu/bimap/-/bimap-1.1.1.tgz",
      "integrity": "sha512-QDyoooWequTjuCMGuihR/gD4y/X0pjuzKEvcaTxRMBioRe/I4ME3itGlB8HbRnt2MqixWhtQg2hgBBH5s0lTQw==",
      "funding": [
        {
          "type": "individual",
          "url": "https://github.com/sponsors/vitoke"
        }
      ],
      "dependencies": {
        "@rimbu/base": "^1.1.0",
        "@rimbu/collection-types": "^1.1.1",
        "@rimbu/common": "^1.1.0",
        "@rimbu/hashed": "^1.1.1",
        "@rimbu/stream": "^1.1.1",
        "tslib": "^2.6.1"
      }
    },
    "node_modules/@rimbu/bimultimap": {
      "version": "1.1.1",
      "resolved": "https://registry.npmjs.org/@rimbu/bimultimap/-/bimultimap-1.1.1.tgz",
      "integrity": "sha512-H1yCbHIzY4EM4XP0/ddM4yZBkmjMUl0DsyfBgNDsfgs5FOUtbvKNeIViAAEh898/tHWigXPaR/eqRZZjTc5RAg==",
      "funding": [
        {
          "type": "individual",
          "url": "https://github.com/sponsors/vitoke"
        }
      ],
      "dependencies": {
        "@rimbu/base": "^1.1.0",
        "@rimbu/collection-types": "^1.1.1",
        "@rimbu/common": "^1.1.0",
        "@rimbu/hashed": "^1.1.1",
        "@rimbu/multimap": "^1.1.1",
        "@rimbu/sorted": "^1.1.1",
        "@rimbu/stream": "^1.1.1",
        "tslib": "^2.6.1"
      }
    },
    "node_modules/@rimbu/collection-types": {
      "version": "1.1.1",
      "resolved": "https://registry.npmjs.org/@rimbu/collection-types/-/collection-types-1.1.1.tgz",
      "integrity": "sha512-FX2ZnVKrIhk4Ep3wwUsnTa6PofXerCQg1CNtKWJ7ecEA5HozsRiJv6S2K5v3lkYv9uQ/8kJeFwEI+BXNlcXK0A==",
      "funding": [
        {
          "type": "individual",
          "url": "https://github.com/sponsors/vitoke"
        }
      ],
      "dependencies": {
        "@rimbu/base": "^1.1.0",
        "@rimbu/common": "^1.1.0",
        "@rimbu/stream": "^1.1.1",
        "tslib": "^2.6.1"
      }
    },
    "node_modules/@rimbu/common": {
      "version": "1.1.0",
      "resolved": "https://registry.npmjs.org/@rimbu/common/-/common-1.1.0.tgz",
      "integrity": "sha512-3WeLn6WSzPzOHtwWIRUJXqsvd+E7sGVxOcF4DmHH89clz9snfkxvzAIhycxsQ/E44AXgQwbg9FYKZuzyOZdlbg==",
      "funding": [
        {
          "type": "individual",
          "url": "https://github.com/sponsors/vitoke"
        }
      ],
      "dependencies": {
        "tslib": "^2.6.1"
      }
    },
    "node_modules/@rimbu/core": {
      "version": "1.1.1",
      "resolved": "https://registry.npmjs.org/@rimbu/core/-/core-1.1.1.tgz",
      "integrity": "sha512-TXwvc2hIYR44AiRy2vhPYniGuhG+W4V+WUv8ZbVM3UNTxNALSxdM/3MkIAS5rzPP6Iv1lEACoXLiVV+1+YJXQQ==",
      "funding": [
        {
          "type": "individual",
          "url": "https://github.com/sponsors/vitoke"
        }
      ],
      "dependencies": {
        "@rimbu/bimap": "^1.1.1",
        "@rimbu/bimultimap": "^1.1.1",
        "@rimbu/collection-types": "^1.1.1",
        "@rimbu/common": "^1.1.0",
        "@rimbu/deep": "^1.1.0",
        "@rimbu/graph": "^1.1.1",
        "@rimbu/hashed": "^1.1.1",
        "@rimbu/list": "^1.1.1",
        "@rimbu/multimap": "^1.1.1",
        "@rimbu/multiset": "^1.1.1",
        "@rimbu/ordered": "^1.1.1",
        "@rimbu/proximity": "^1.1.1",
        "@rimbu/sorted": "^1.1.1",
        "@rimbu/stream": "^1.1.1",
        "@rimbu/table": "^1.1.1",
        "tslib": "^2.6.1"
      }
    },
    "node_modules/@rimbu/deep": {
      "version": "1.1.0",
      "resolved": "https://registry.npmjs.org/@rimbu/deep/-/deep-1.1.0.tgz",
      "integrity": "sha512-uqZWp0hHwcjgLBg7hTvzOsGeFtLlHKLt0dbBw1Dx3OMaYsg9o0Q1mWIM6NzymEpxzWJIdU3fvg/ln1PWlzDHZw==",
      "funding": [
        {
          "type": "individual",
          "url": "https://github.com/sponsors/vitoke"
        }
      ],
      "dependencies": {
        "@rimbu/base": "^1.1.0",
        "@rimbu/common": "^1.1.0",
        "tslib": "^2.6.1"
      }
    },
    "node_modules/@rimbu/graph": {
      "version": "1.1.1",
      "resolved": "https://registry.npmjs.org/@rimbu/graph/-/graph-1.1.1.tgz",
      "integrity": "sha512-lUWtQejQe1t7rlNjKZjrkK5dXqplKFbn06zEizreIG9kO5uda2YlY0NMmP+JjRXv4qr56+97/9tQlvKTDhyMDg==",
      "funding": [
        {
          "type": "individual",
          "url": "https://github.com/sponsors/vitoke"
        }
      ],
      "dependencies": {
        "@rimbu/base": "^1.1.0",
        "@rimbu/collection-types": "^1.1.1",
        "@rimbu/common": "^1.1.0",
        "@rimbu/hashed": "^1.1.1",
        "@rimbu/sorted": "^1.1.1",
        "@rimbu/stream": "^1.1.1",
        "tslib": "^2.6.1"
      }
    },
    "node_modules/@rimbu/hashed": {
      "version": "1.1.1",
      "resolved": "https://registry.npmjs.org/@rimbu/hashed/-/hashed-1.1.1.tgz",
      "integrity": "sha512-GoxSVQ+qhn7Tv677LCbRXrLB1clryypZQjZL0Ku7HWXK4+nWUVIQhJ1fBazLVR/S6DT44I3gTV8M0JyV5qXX2A==",
      "funding": [
        {
          "type": "individual",
          "url": "https://github.com/sponsors/vitoke"
        }
      ],
      "dependencies": {
        "@rimbu/base": "^1.1.0",
        "@rimbu/collection-types": "^1.1.1",
        "@rimbu/common": "^1.1.0",
        "@rimbu/list": "^1.1.1",
        "@rimbu/stream": "^1.1.1",
        "tslib": "^2.6.1"
      }
    },
    "node_modules/@rimbu/list": {
      "version": "1.1.1",
      "resolved": "https://registry.npmjs.org/@rimbu/list/-/list-1.1.1.tgz",
      "integrity": "sha512-w/MbZCmm8/l4MIjpvd0q7kfwgrz8W0JgbqLMI0tDDobF4KA48G4LhSbL6iQewU0qZ3CLGzFW6GBc7hR9gOQXlg==",
      "funding": [
        {
          "type": "individual",
          "url": "https://github.com/sponsors/vitoke"
        }
      ],
      "dependencies": {
        "@rimbu/base": "^1.1.0",
        "@rimbu/collection-types": "^1.1.1",
        "@rimbu/common": "^1.1.0",
        "@rimbu/stream": "^1.1.1",
        "tslib": "^2.6.1"
      }
    },
    "node_modules/@rimbu/multimap": {
      "version": "1.1.1",
      "resolved": "https://registry.npmjs.org/@rimbu/multimap/-/multimap-1.1.1.tgz",
      "integrity": "sha512-KJMb7pbWkNildTb2TYRsi4mgEl+WsihpbZyoVKDQERQFyzP5X8qGzktzczgVZhvGZ4W/5yq+JDa41MUasgvf2w==",
      "funding": [
        {
          "type": "individual",
          "url": "https://github.com/sponsors/vitoke"
        }
      ],
      "dependencies": {
        "@rimbu/base": "^1.1.0",
        "@rimbu/collection-types": "^1.1.1",
        "@rimbu/common": "^1.1.0",
        "@rimbu/hashed": "^1.1.1",
        "@rimbu/sorted": "^1.1.1",
        "@rimbu/stream": "^1.1.1",
        "tslib": "^2.6.1"
      }
    },
    "node_modules/@rimbu/multiset": {
      "version": "1.1.1",
      "resolved": "https://registry.npmjs.org/@rimbu/multiset/-/multiset-1.1.1.tgz",
      "integrity": "sha512-Yy8c4USJ5QNDDlW44HGGa5HyvOT2xBDNe7NeRvWU/pxOSJhQvzRsFPsEc6PlRMxbmoQ3QduYkGYB5p4o1QAIZA==",
      "funding": [
        {
          "type": "individual",
          "url": "https://github.com/sponsors/vitoke"
        }
      ],
      "dependencies": {
        "@rimbu/base": "^1.1.0",
        "@rimbu/collection-types": "^1.1.1",
        "@rimbu/common": "^1.1.0",
        "@rimbu/hashed": "^1.1.1",
        "@rimbu/sorted": "^1.1.1",
        "@rimbu/stream": "^1.1.1",
        "tslib": "^2.6.1"
      }
    },
    "node_modules/@rimbu/ordered": {
      "version": "1.1.1",
      "resolved": "https://registry.npmjs.org/@rimbu/ordered/-/ordered-1.1.1.tgz",
      "integrity": "sha512-VLDeC63J48BbrGKfTU71gr52sFsl4YRVcUNSaBrJe2m3maVO9dTEXcL/ZjhBQWYgrvbTXsbi6LycfiKWLeFzag==",
      "funding": [
        {
          "type": "individual",
          "url": "https://github.com/sponsors/vitoke"
        }
      ],
      "dependencies": {
        "@rimbu/base": "^1.1.0",
        "@rimbu/collection-types": "^1.1.1",
        "@rimbu/common": "^1.1.0",
        "@rimbu/hashed": "^1.1.1",
        "@rimbu/list": "^1.1.1",
        "@rimbu/sorted": "^1.1.1",
        "@rimbu/stream": "^1.1.1",
        "tslib": "^2.6.1"
      }
    },
    "node_modules/@rimbu/proximity": {
      "version": "1.1.1",
      "resolved": "https://registry.npmjs.org/@rimbu/proximity/-/proximity-1.1.1.tgz",
      "integrity": "sha512-1YS43rHMLse0oCDF3WsvC9ee68Nifuws1ynI8oUDq9CuJochVJUXj752GJuq4x/VKXsk6erwzTsVQMjNTgJA6Q==",
      "funding": [
        {
          "type": "individual",
          "url": "https://github.com/sponsors/vitoke"
        }
      ],
      "dependencies": {
        "@rimbu/base": "^1.1.0",
        "@rimbu/collection-types": "^1.1.1",
        "@rimbu/common": "^1.1.0",
        "@rimbu/hashed": "^1.1.1",
        "@rimbu/stream": "^1.1.1",
        "tslib": "^2.6.1"
      }
    },
    "node_modules/@rimbu/sorted": {
      "version": "1.1.1",
      "resolved": "https://registry.npmjs.org/@rimbu/sorted/-/sorted-1.1.1.tgz",
      "integrity": "sha512-VE9QEtREzSAkWlBtg46FcesYufo9WPDQ9oQG4hfIcpGM4JnQ2+JAvFluY1qbwlaSA+kFyMWNiyyfW6Mo4NQlRA==",
      "funding": [
        {
          "type": "individual",
          "url": "https://github.com/sponsors/vitoke"
        }
      ],
      "dependencies": {
        "@rimbu/base": "^1.1.0",
        "@rimbu/collection-types": "^1.1.1",
        "@rimbu/common": "^1.1.0",
        "@rimbu/stream": "^1.1.1",
        "tslib": "^2.6.1"
      }
    },
    "node_modules/@rimbu/stream": {
      "version": "1.1.1",
      "resolved": "https://registry.npmjs.org/@rimbu/stream/-/stream-1.1.1.tgz",
      "integrity": "sha512-N1KTuLPcAVATtYhAmIGm3XrQ9g4tDX4WvyZBdeA014nUCN18JYnMuwRw3aLmpNKqLwT04HPtfvsqqfPkUirZYQ==",
      "funding": [
        {
          "type": "individual",
          "url": "https://github.com/sponsors/vitoke"
        }
      ],
      "dependencies": {
        "@rimbu/base": "^1.1.0",
        "@rimbu/common": "^1.1.0",
        "tslib": "^2.6.1"
      }
    },
    "node_modules/@rimbu/table": {
      "version": "1.1.1",
      "resolved": "https://registry.npmjs.org/@rimbu/table/-/table-1.1.1.tgz",
      "integrity": "sha512-IH/2a1ewrgfMQS+geakiPmmfVf9iAtZKBVYNdwulkhNflOU3+Jdy77t8VNDwnjgobesRDL7ewzPqUXbyJe3G3A==",
      "funding": [
        {
          "type": "individual",
          "url": "https://github.com/sponsors/vitoke"
        }
      ],
      "dependencies": {
        "@rimbu/base": "^1.1.0",
        "@rimbu/collection-types": "^1.1.1",
        "@rimbu/common": "^1.1.0",
        "@rimbu/hashed": "^1.1.1",
        "@rimbu/sorted": "^1.1.1",
        "@rimbu/stream": "^1.1.1",
        "tslib": "^2.6.1"
      }
    },
    "node_modules/@types/node": {
      "version": "20.10.4",
      "resolved": "https://registry.npmjs.org/@types/node/-/node-20.10.4.tgz",
      "integrity": "sha512-D08YG6rr8X90YB56tSIuBaddy/UXAA9RKJoFvrsnogAum/0pmjkgi4+2nx96A330FmioegBWmEYQ+syqCFaveg==",
      "dev": true,
      "dependencies": {
        "undici-types": "~5.26.4"
      }
    },
    "node_modules/bun": {
      "version": "1.0.17",
      "resolved": "https://registry.npmjs.org/bun/-/bun-1.0.17.tgz",
      "integrity": "sha512-dZScNmfDvMRSpGSL7hh1LddsjzIJFSNQlgh9D+uNV633HkddIMCpbXGfbKGqPB1ai7DORjeXUtjSN+o4+TIzTA==",
      "cpu": [
        "arm64",
        "x64"
      ],
      "dev": true,
      "hasInstallScript": true,
      "os": [
        "darwin",
        "linux"
      ],
      "bin": {
        "bun": "bin/bun",
        "bunx": "bin/bun"
      },
      "optionalDependencies": {
        "@oven/bun-darwin-aarch64": "1.0.17",
        "@oven/bun-darwin-x64": "1.0.17",
        "@oven/bun-darwin-x64-baseline": "1.0.17",
        "@oven/bun-linux-aarch64": "1.0.17",
        "@oven/bun-linux-x64": "1.0.17",
        "@oven/bun-linux-x64-baseline": "1.0.17"
      }
    },
    "node_modules/tslib": {
      "version": "2.6.2",
      "resolved": "https://registry.npmjs.org/tslib/-/tslib-2.6.2.tgz",
      "integrity": "sha512-AEYxH93jGFPn/a2iVAwW87VuUIkR1FVUKB77NwMF7nBTDkDrrT/Hpt/IrCJ0QXhW27jTBDcf5ZY7w6RiqTMw2Q=="
    },
    "node_modules/undici-types": {
      "version": "5.26.5",
      "resolved": "https://registry.npmjs.org/undici-types/-/undici-types-5.26.5.tgz",
      "integrity": "sha512-JlCMO+ehdEIKqlFxk6IfVoAUVmgz7cU7zD/h9XZ0qzeosSHmUJVOzSQvvYSYWXkFXC+IfLKSIffhv0sVZup6pA==",
      "dev": true
    }
  }
}
